
Microsoft Visual Studio Solution File, Format Version 12.00
Project("{FAE04EC0-301F-11D3-BF4B-00C04F79EFBC}") = "AutoDealer.DAL", "AutoDealer.DAL\AutoDealer.DAL.csproj", "{947BE0D2-CBB1-478F-98D4-742F7DED636C}"
EndProject
Project("{FAE04EC0-301F-11D3-BF4B-00C04F79EFBC}") = "AutoDealer.API", "AutoDealer.API\AutoDealer.API.csproj", "{C7EE6DD7-B7FB-4B0B-99E8-D5B7BFC924D1}"
EndProject
Project("{2150E333-8FDC-42A3-9474-1A3956D46DE8}") = "SolutionFiles", "SolutionFiles", "{A9E54EE7-A941-46B0-AF35-5F64F45B8DDE}"
	ProjectSection(SolutionItems) = preProject
		docker-compose.yml = docker-compose.yml
		.gitignore = .gitignore
	EndProjectSection
EndProject
Project("{FAE04EC0-301F-11D3-BF4B-00C04F79EFBC}") = "AutoDealer.Web", "AutoDealer.Web\AutoDealer.Web.csproj", "{3F2BAD5F-C13B-4449-8FAF-954067F10EF5}"
EndProject
Project("{FAE04EC0-301F-11D3-BF4B-00C04F79EFBC}") = "AutoDealer.Utility", "AutoDealer.Utility\AutoDealer.Utility.csproj", "{8013B2F0-F1F1-4FE5-A12B-C8F0A84DB786}"
EndProject
Global
	GlobalSection(SolutionConfigurationPlatforms) = preSolution
		Debug|Any CPU = Debug|Any CPU
		Release|Any CPU = Release|Any CPU
	EndGlobalSection
	GlobalSection(NestedProjects) = preSolution
	EndGlobalSection
	GlobalSection(ProjectConfigurationPlatforms) = postSolution
		{947BE0D2-CBB1-478F-98D4-742F7DED636C}.Debug|Any CPU.ActiveCfg = Debug|Any CPU
		{947BE0D2-CBB1-478F-98D4-742F7DED636C}.Debug|Any CPU.Build.0 = Debug|Any CPU
		{947BE0D2-CBB1-478F-98D4-742F7DED636C}.Release|Any CPU.ActiveCfg = Release|Any CPU
		{947BE0D2-CBB1-478F-98D4-742F7DED636C}.Release|Any CPU.Build.0 = Release|Any CPU
		{C7EE6DD7-B7FB-4B0B-99E8-D5B7BFC924D1}.Debug|Any CPU.ActiveCfg = Debug|Any CPU
		{C7EE6DD7-B7FB-4B0B-99E8-D5B7BFC924D1}.Debug|Any CPU.Build.0 = Debug|Any CPU
		{C7EE6DD7-B7FB-4B0B-99E8-D5B7BFC924D1}.Release|Any CPU.ActiveCfg = Release|Any CPU
		{C7EE6DD7-B7FB-4B0B-99E8-D5B7BFC924D1}.Release|Any CPU.Build.0 = Release|Any CPU
		{3F2BAD5F-C13B-4449-8FAF-954067F10EF5}.Debug|Any CPU.ActiveCfg = Debug|Any CPU
		{3F2BAD5F-C13B-4449-8FAF-954067F10EF5}.Debug|Any CPU.Build.0 = Debug|Any CPU
		{3F2BAD5F-C13B-4449-8FAF-954067F10EF5}.Release|Any CPU.ActiveCfg = Release|Any CPU
		{3F2BAD5F-C13B-4449-8FAF-954067F10EF5}.Release|Any CPU.Build.0 = Release|Any CPU
		{8013B2F0-F1F1-4FE5-A12B-C8F0A84DB786}.Debug|Any CPU.ActiveCfg = Debug|Any CPU
		{8013B2F0-F1F1-4FE5-A12B-C8F0A84DB786}.Debug|Any CPU.Build.0 = Debug|Any CPU
		{8013B2F0-F1F1-4FE5-A12B-C8F0A84DB786}.Release|Any CPU.ActiveCfg = Release|Any CPU
		{8013B2F0-F1F1-4FE5-A12B-C8F0A84DB786}.Release|Any CPU.Build.0 = Release|Any CPU
	EndGlobalSection
EndGlobal
